
Microsoft Visual Studio Solution File, Format Version 12.00
# Visual Studio Version 16
VisualStudioVersion = 16.0.30413.136
MinimumVisualStudioVersion = 10.0.40219.1
Project("{2150E333-8FDC-42A3-9474-1A3956D46DE8}") = "src", "src", "{813F88F7-3494-4CC8-AE43-371E6694BCA7}"
EndProject
Project("{2150E333-8FDC-42A3-9474-1A3956D46DE8}") = "tests", "tests", "{C5A5EEC1-AA05-40F4-B565-55F20D68EBD2}"
EndProject
Project("{2150E333-8FDC-42A3-9474-1A3956D46DE8}") = "files", "files", "{0FDC2E01-B191-4830-AA75-8F00D50B48C6}"
	ProjectSection(SolutionItems) = preProject
		.gitattributes = .gitattributes
		.gitignore = .gitignore
		LICENSE = LICENSE
		README.MD = README.MD
	EndProjectSection
EndProject
Project("{FAE04EC0-301F-11D3-BF4B-00C04F79EFBC}") = "Moviebase.Services", "src\Moviebase.Services\Moviebase.Services.csproj", "{9EA0E1E4-020C-4769-B9A4-87121E29E31A}"
EndProject
Global
	GlobalSection(SolutionConfigurationPlatforms) = preSolution
		Debug|Any CPU = Debug|Any CPU
		Release|Any CPU = Release|Any CPU
	EndGlobalSection
	GlobalSection(ProjectConfigurationPlatforms) = postSolution
		{9EA0E1E4-020C-4769-B9A4-87121E29E31A}.Debug|Any CPU.ActiveCfg = Debug|Any CPU
		{9EA0E1E4-020C-4769-B9A4-87121E29E31A}.Debug|Any CPU.Build.0 = Debug|Any CPU
		{9EA0E1E4-020C-4769-B9A4-87121E29E31A}.Release|Any CPU.ActiveCfg = Release|Any CPU
		{9EA0E1E4-020C-4769-B9A4-87121E29E31A}.Release|Any CPU.Build.0 = Release|Any CPU
	EndGlobalSection
	GlobalSection(SolutionProperties) = preSolution
		HideSolutionNode = FALSE
	EndGlobalSection
	GlobalSection(NestedProjects) = preSolution
		{9EA0E1E4-020C-4769-B9A4-87121E29E31A} = {813F88F7-3494-4CC8-AE43-371E6694BCA7}
	EndGlobalSection
	GlobalSection(ExtensibilityGlobals) = postSolution
		SolutionGuid = {8C2DBD51-0EC8-48E0-8A5F-513F9EC65C97}
	EndGlobalSection
EndGlobal
